
Microsoft Visual Studio Solution File, Format Version 12.00
# Visual Studio Version 17
VisualStudioVersion = 17.5.002.0
MinimumVisualStudioVersion = 10.0.40219.1
Project("{9A19103F-16F7-4668-BE54-9A1E7A4F7556}") = "Carrito", "Carrito.csproj", "{2CDF3FAE-FEC4-42EC-8C9E-BE42B6C2405E}"
EndProject
Global
	GlobalSection(SolutionConfigurationPlatforms) = preSolution
		Debug|Any CPU = Debug|Any CPU
		Release|Any CPU = Release|Any CPU
	EndGlobalSection
	GlobalSection(ProjectConfigurationPlatforms) = postSolution
		{2CDF3FAE-FEC4-42EC-8C9E-BE42B6C2405E}.Debug|Any CPU.ActiveCfg = Debug|Any CPU
		{2CDF3FAE-FEC4-42EC-8C9E-BE42B6C2405E}.Debug|Any CPU.Build.0 = Debug|Any CPU
		{2CDF3FAE-FEC4-42EC-8C9E-BE42B6C2405E}.Release|Any CPU.ActiveCfg = Release|Any CPU
		{2CDF3FAE-FEC4-42EC-8C9E-BE42B6C2405E}.Release|Any CPU.Build.0 = Release|Any CPU
	EndGlobalSection
	GlobalSection(SolutionProperties) = preSolution
		HideSolutionNode = FALSE
	EndGlobalSection
	GlobalSection(ExtensibilityGlobals) = postSolution
		SolutionGuid = {260209E3-42BB-4DC9-B0AE-6E74E7DC0A2F}
	EndGlobalSection
EndGlobal
